<?xml version="1.0" encoding="utf-8"?>
<Project ToolsVersion="4.0" xmlns="http://schemas.microsoft.com/developer/msbuild/2003">
  <ItemGroup>
    <Filter Include="render">
      <UniqueIdentifier>{8d2b318e-f1e4-4779-a87c-699bdd399bcd}</UniqueIdentifier>
    </Filter>
    <Filter Include="render\Audio">
      <UniqueIdentifier>{7812ffc0-3ae7-4cf9-9098-459eb4ecaffa}</UniqueIdentifier>
    </Filter>
    <Filter Include="render\Audio\Call">
      <UniqueIdentifier>{853dd18c-54ef-405a-919f-61bd5fefab59}</UniqueIdentifier>
    </Filter>
    <Filter Include="render\Audio\Thread">
      <UniqueIdentifier>{bde1fa7c-4bdf-49dd-b47f-790f93aff338}</UniqueIdentifier>
    </Filter>
    <Filter Include="render\Video">
      <UniqueIdentifier>{75c4c315-3251-4bd2-a5ca-5985477fbe46}</UniqueIdentifier>
    </Filter>
    <Filter Include="render\Video\Call">
      <UniqueIdentifier>{be58e3b0-8114-42b5-abdc-5e5f88734857}</UniqueIdentifier>
    </Filter>
    <Filter Include="render\Video\Thread">
      <UniqueIdentifier>{670473fe-b72c-43e8-992e-6ba265413182}</UniqueIdentifier>
    </Filter>
    <Filter Include="socket">
      <UniqueIdentifier>{1f1d414a-c146-4530-8f61-2467d4f694b4}</UniqueIdentifier>
    </Filter>
    <Filter Include="streaming">
      <UniqueIdentifier>{465b1c89-5eaa-4d7f-bdb9-a933aeab7251}</UniqueIdentifier>
    </Filter>
    <Filter Include="widget">
      <UniqueIdentifier>{602d3411-29fc-4b9c-80f4-b89d16dc05b5}</UniqueIdentifier>
    </Filter>
    <Filter Include="global">
      <UniqueIdentifier>{7104d474-fe5c-498b-be27-9529107ac5f3}</UniqueIdentifier>
    </Filter>
    <Filter Include="filter">
      <UniqueIdentifier>{40cbfa3c-270c-4d9c-b1a6-be881dc16d3e}</UniqueIdentifier>
    </Filter>
    <Filter Include="decode">
      <UniqueIdentifier>{9c234573-d86d-44b5-87c7-9aa93107d757}</UniqueIdentifier>
    </Filter>
    <Filter Include="convert">
      <UniqueIdentifier>{d81556d8-153f-492f-8b72-5855d0df03a6}</UniqueIdentifier>
    </Filter>
    <Filter Include="app">
      <UniqueIdentifier>{4a8cadd2-c7e6-40c9-896a-2406f26d2601}</UniqueIdentifier>
    </Filter>
    <Filter Include="app\Header Files">
      <UniqueIdentifier>{93995380-89BD-4b04-88EB-625FBE52EBFB}</UniqueIdentifier>
      <Extensions>h;hh;hpp;hxx;hm;inl;inc;xsd</Extensions>
    </Filter>
    <Filter Include="app\Source Files">
      <UniqueIdentifier>{4FC737F1-C7A5-4376-A066-2A32D752A2FF}</UniqueIdentifier>
      <Extensions>cpp;c;cc;cxx;def;odl;idl;hpj;bat;asm;asmx</Extensions>
    </Filter>
    <Filter Include="app\Form Files">
      <UniqueIdentifier>{99349809-55BA-4b9d-BF79-8FDBB0286EB3}</UniqueIdentifier>
      <Extensions>ui</Extensions>
    </Filter>
    <Filter Include="app\Resource Files">
      <UniqueIdentifier>{67DA6AB6-F800-4c08-8B7A-83BB121AAD01}</UniqueIdentifier>
      <Extensions>rc;ico;cur;bmp;dlg;rc2;rct;bin;rgs;gif;jpg;jpeg;jpe;resx;tiff;tif;png;wav;mfcribbon-ms</Extensions>
    </Filter>
    <Filter Include="widget\dialog">
      <UniqueIdentifier>{b63e2e83-2826-4a4d-831e-c58ddaf5ef90}</UniqueIdentifier>
    </Filter>
    <Filter Include="widget\main">
      <UniqueIdentifier>{a6e8bb56-71e8-440b-a18a-7551928056b8}</UniqueIdentifier>
    </Filter>
    <Filter Include="widget\base">
      <UniqueIdentifier>{8dafdb71-1bf4-48a2-944e-541be0b9491c}</UniqueIdentifier>
    </Filter>
    <Filter Include="widget\control">
      <UniqueIdentifier>{0b22e4ab-9312-4dab-afcd-6d3bd634cd59}</UniqueIdentifier>
    </Filter>
    <Filter Include="utility">
      <UniqueIdentifier>{3e944baa-c9e7-4808-be23-b0b52f2602f2}</UniqueIdentifier>
    </Filter>
  </ItemGroup>
  <ItemGroup>
    <QtRcc Include="App.qrc">
      <Filter>app\Resource Files</Filter>
    </QtRcc>
  </ItemGroup>
  <ItemGroup>
    <ClCompile Include="HWDecoder.cpp">
      <Filter>decode</Filter>
    </ClCompile>
    <ClCompile Include="Decoder.cpp">
      <Filter>decode</Filter>
    </ClCompile>
    <ClCompile Include="SampleFmtConvert.cpp">
      <Filter>convert</Filter>
    </ClCompile>
    <ClCompile Include="PixelFmtConvert.cpp">
      <Filter>convert</Filter>
    </ClCompile>
    <ClCompile Include="MediaController.cpp">
      <Filter>global</Filter>
    </ClCompile>
    <ClCompile Include="OpenGLWnd.cpp">
      <Filter>render\Video\Call</Filter>
    </ClCompile>
    <ClCompile Include="QPainterWnd.cpp">
      <Filter>render\Video\Call</Filter>
    </ClCompile>
    <ClCompile Include="QAudioPlay.cpp">
      <Filter>render\Audio\Call</Filter>
    </ClCompile>
    <ClCompile Include="AudioThread.cpp">
      <Filter>render\Audio\Thread</Filter>
    </ClCompile>
    <ClCompile Include="VideoThread.cpp">
      <Filter>render\Video\Thread</Filter>
    </ClCompile>
    <ClCompile Include="Util.cpp">
      <Filter>global</Filter>
    </ClCompile>
    <ClCompile Include="AppManager.cpp">
      <Filter>global</Filter>
    </ClCompile>
    <ClCompile Include="MatFilter.cpp">
      <Filter>filter</Filter>
    </ClCompile>
    <ClCompile Include="MatFilterNet.cpp">
      <Filter>filter</Filter>
    </ClCompile>
    <ClCompile Include="LiveSocket.cpp">
      <Filter>socket</Filter>
    </ClCompile>
    <ClCompile Include="Service.cpp">
      <Filter>socket</Filter>
    </ClCompile>
    <ClCompile Include="AudioRecorder.cpp">
      <Filter>streaming</Filter>
    </ClCompile>
    <ClCompile Include="Encoder.cpp">
      <Filter>streaming</Filter>
    </ClCompile>
    <ClCompile Include="MediaEncoder.cpp">
      <Filter>streaming</Filter>
    </ClCompile>
    <ClCompile Include="RtmpStreaming.cpp">
      <Filter>streaming</Filter>
    </ClCompile>
    <ClCompile Include="Demuxer.cpp">
      <Filter>decode</Filter>
    </ClCompile>
    <ClCompile Include="main.cpp">
      <Filter>app\Source Files</Filter>
    </ClCompile>
    <ClCompile Include="MainPlayer.cpp">
      <Filter>widget\main</Filter>
    </ClCompile>
    <ClCompile Include="PlayListWidget.cpp">
      <Filter>widget\main</Filter>
    </ClCompile>
    <ClCompile Include="StreamingWidget.cpp">
      <Filter>widget\main</Filter>
    </ClCompile>
    <ClCompile Include="MessageWidget.cpp">
      <Filter>widget\main</Filter>
    </ClCompile>
    <ClCompile Include="LoginDialog.cpp">
      <Filter>widget\dialog</Filter>
    </ClCompile>
    <ClCompile Include="CommonWindow.cpp">
      <Filter>widget\base</Filter>
    </ClCompile>
    <ClCompile Include="BaseWindow.cpp">
      <Filter>widget\base</Filter>
    </ClCompile>
    <ClCompile Include="RegistDialog.cpp">
      <Filter>widget\dialog</Filter>
    </ClCompile>
    <ClCompile Include="Animation.cpp">
      <Filter>widget\control</Filter>
    </ClCompile>
    <ClCompile Include="BubbleTip.cpp">
      <Filter>widget\control</Filter>
    </ClCompile>
    <ClCompile Include="Button.cpp">
      <Filter>widget\control</Filter>
    </ClCompile>
    <ClCompile Include="CentralWidget.cpp">
      <Filter>widget\control</Filter>
    </ClCompile>
    <ClCompile Include="ControlBar.cpp">
      <Filter>widget\control</Filter>
    </ClCompile>
    <ClCompile Include="IGradualVisible.cpp">
      <Filter>widget\control</Filter>
    </ClCompile>
    <ClCompile Include="PlayList.cpp">
      <Filter>widget\control</Filter>
    </ClCompile>
    <ClCompile Include="Slider.cpp">
      <Filter>widget\control</Filter>
    </ClCompile>
    <ClCompile Include="TextEdit.cpp">
      <Filter>widget\control</Filter>
    </ClCompile>
    <ClCompile Include="TitleBar.cpp">
      <Filter>widget\control</Filter>
    </ClCompile>
    <ClCompile Include="WinUtil.cpp">
      <Filter>utility</Filter>
    </ClCompile>
  </ItemGroup>
  <ItemGroup>
    <QtUic Include="MainPlayer.ui">
      <Filter>app\Form Files</Filter>
    </QtUic>
    <QtUic Include="ControlBar.ui">
      <Filter>app\Form Files</Filter>
    </QtUic>
    <QtUic Include="TitleBar.ui">
      <Filter>app\Form Files</Filter>
    </QtUic>
    <QtUic Include="BaseWindow.ui">
      <Filter>app\Form Files</Filter>
    </QtUic>
    <QtUic Include="CentralWidget.ui">
      <Filter>app\Form Files</Filter>
    </QtUic>
    <QtUic Include="PlayListWidget.ui">
      <Filter>app\Form Files</Filter>
    </QtUic>
    <QtUic Include="StreamingWidget.ui">
      <Filter>app\Form Files</Filter>
    </QtUic>
    <QtUic Include="LoginDialog.ui">
      <Filter>app\Form Files</Filter>
    </QtUic>
    <QtUic Include="RegistDialog.ui">
      <Filter>app\Form Files</Filter>
    </QtUic>
    <QtUic Include="MessageWidget.ui">
      <Filter>app\Form Files</Filter>
    </QtUic>
  </ItemGroup>
  <ItemGroup>
    <ClInclude Include="DataBuf.h">
      <Filter>global</Filter>
    </ClInclude>
    <ClInclude Include="BaseFmtConvert.h">
      <Filter>convert</Filter>
    </ClInclude>
    <ClInclude Include="SampleFmtConvert.h">
      <Filter>convert</Filter>
    </ClInclude>
    <ClInclude Include="PixelFmtConvert.h">
      <Filter>convert</Filter>
    </ClInclude>
    <ClInclude Include="Decoder.h">
      <Filter>decode</Filter>
    </ClInclude>
    <ClInclude Include="HWDecoder.h">
      <Filter>decode</Filter>
    </ClInclude>
    <ClInclude Include="SyncBufferQueue.h">
      <Filter>global</Filter>
    </ClInclude>
    <ClInclude Include="Macro.h">
      <Filter>global</Filter>
    </ClInclude>
    <ClInclude Include="IVideoCall.h">
      <Filter>render\Video\Call</Filter>
    </ClInclude>
    <ClInclude Include="IAudioCall.h">
      <Filter>render\Audio\Call</Filter>
    </ClInclude>
    <ClInclude Include="QAudioPlay.h">
      <Filter>render\Audio\Call</Filter>
    </ClInclude>
    <ClInclude Include="Util.h">
      <Filter>global</Filter>
    </ClInclude>
    <ClInclude Include="MatFilter.h">
      <Filter>filter</Filter>
    </ClInclude>
    <ClInclude Include="MatFilterNet.h">
      <Filter>filter</Filter>
    </ClInclude>
    <ClInclude Include="Service.h">
      <Filter>socket</Filter>
    </ClInclude>
    <ClInclude Include="AudioRecorder.h">
      <Filter>streaming</Filter>
    </ClInclude>
    <ClInclude Include="Encoder.h">
      <Filter>streaming</Filter>
    </ClInclude>
    <ClInclude Include="MediaEncoder.h">
      <Filter>streaming</Filter>
    </ClInclude>
    <ClInclude Include="RtmpStreaming.h">
      <Filter>streaming</Filter>
    </ClInclude>
    <ClInclude Include="Demuxer.h">
      <Filter>decode</Filter>
    </ClInclude>
    <ClInclude Include="IGradualVisible.h">
      <Filter>widget\control</Filter>
    </ClInclude>
    <ClInclude Include="WinUtil.h">
      <Filter>utility</Filter>
    </ClInclude>
    <ClInclude Include="AppManager.h">
      <Filter>global</Filter>
    </ClInclude>
  </ItemGroup>
  <ItemGroup>
    <QtMoc Include="MediaController.h">
      <Filter>global</Filter>
    </QtMoc>
    <QtMoc Include="OpenGLWnd.h">
      <Filter>render\Video\Call</Filter>
    </QtMoc>
    <QtMoc Include="QPainterWnd.h">
      <Filter>render\Video\Call</Filter>
    </QtMoc>
    <QtMoc Include="AudioThread.h">
      <Filter>render\Audio\Thread</Filter>
    </QtMoc>
    <QtMoc Include="VideoThread.h">
      <Filter>render\Video\Thread</Filter>
    </QtMoc>
    <QtMoc Include="LiveSocket.h">
      <Filter>socket</Filter>
    </QtMoc>
    <QtMoc Include="MainPlayer.h">
      <Filter>widget\main</Filter>
    </QtMoc>
    <QtMoc Include="PlayListWidget.h">
      <Filter>widget\main</Filter>
    </QtMoc>
    <QtMoc Include="StreamingWidget.h">
      <Filter>widget\main</Filter>
    </QtMoc>
    <QtMoc Include="MessageWidget.h">
      <Filter>widget\main</Filter>
    </QtMoc>
    <QtMoc Include="LoginDialog.h">
      <Filter>widget\dialog</Filter>
    </QtMoc>
    <QtMoc Include="CommonWindow.h">
      <Filter>widget\base</Filter>
    </QtMoc>
    <QtMoc Include="BaseWindow.h">
      <Filter>widget\base</Filter>
    </QtMoc>
    <QtMoc Include="RegistDialog.h">
      <Filter>widget\dialog</Filter>
    </QtMoc>
    <QtMoc Include="Animation.h">
      <Filter>widget\control</Filter>
    </QtMoc>
    <QtMoc Include="BubbleTip.h">
      <Filter>widget\control</Filter>
    </QtMoc>
    <QtMoc Include="Button.h">
      <Filter>widget\control</Filter>
    </QtMoc>
    <QtMoc Include="CentralWidget.h">
      <Filter>widget\control</Filter>
    </QtMoc>
    <QtMoc Include="ControlBar.h">
      <Filter>widget\control</Filter>
    </QtMoc>
    <QtMoc Include="PlayList.h">
      <Filter>widget\control</Filter>
    </QtMoc>
    <QtMoc Include="Slider.h">
      <Filter>widget\control</Filter>
    </QtMoc>
    <QtMoc Include="TextEdit.h">
      <Filter>widget\control</Filter>
    </QtMoc>
    <QtMoc Include="TitleBar.h">
      <Filter>widget\control</Filter>
    </QtMoc>
  </ItemGroup>
</Project>